
Microsoft Visual Studio Solution File, Format Version 12.00
# Visual Studio 15
VisualStudioVersion = 15.0.27703.2042
MinimumVisualStudioVersion = 10.0.40219.1
Project("{9A19103F-16F7-4668-BE54-9A1E7A4F7556}") = "BlazorSvgHelper", "BlazorSvgHelper\BlazorSvgHelper.csproj", "{93031EDC-7435-49CC-847D-F18D67B2CEEB}"
EndProject
Global
	GlobalSection(SolutionConfigurationPlatforms) = preSolution
		Debug|Any CPU = Debug|Any CPU
		Release|Any CPU = Release|Any CPU
	EndGlobalSection
	GlobalSection(ProjectConfigurationPlatforms) = postSolution
		{93031EDC-7435-49CC-847D-F18D67B2CEEB}.Debug|Any CPU.ActiveCfg = Debug|Any CPU
		{93031EDC-7435-49CC-847D-F18D67B2CEEB}.Debug|Any CPU.Build.0 = Debug|Any CPU
		{93031EDC-7435-49CC-847D-F18D67B2CEEB}.Release|Any CPU.ActiveCfg = Release|Any CPU
		{93031EDC-7435-49CC-847D-F18D67B2CEEB}.Release|Any CPU.Build.0 = Release|Any CPU
	EndGlobalSection
	GlobalSection(SolutionProperties) = preSolution
		HideSolutionNode = FALSE
	EndGlobalSection
	GlobalSection(ExtensibilityGlobals) = postSolution
		SolutionGuid = {24352D0E-D467-4DB1-9BD1-7AA58D621669}
	EndGlobalSection
EndGlobal
